
Microsoft Visual Studio Solution File, Format Version 12.00
# Visual Studio Version 17
VisualStudioVersion = 17.11.35208.52
MinimumVisualStudioVersion = 10.0.40219.1
Project("{FAE04EC0-301F-11D3-BF4B-00C04F79EFBC}") = "QLBD", "DesktopApss\QLBD.csproj", "{42B33008-E5F6-4632-A908-F540878E6C33}"
EndProject
Global
	GlobalSection(SolutionConfigurationPlatforms) = preSolution
		Debug|Any CPU = Debug|Any CPU
		Release|Any CPU = Release|Any CPU
	EndGlobalSection
	GlobalSection(ProjectConfigurationPlatforms) = postSolution
		{42B33008-E5F6-4632-A908-F540878E6C33}.Debug|Any CPU.ActiveCfg = Debug|Any CPU
		{42B33008-E5F6-4632-A908-F540878E6C33}.Debug|Any CPU.Build.0 = Debug|Any CPU
		{42B33008-E5F6-4632-A908-F540878E6C33}.Release|Any CPU.ActiveCfg = Release|Any CPU
		{42B33008-E5F6-4632-A908-F540878E6C33}.Release|Any CPU.Build.0 = Release|Any CPU
	EndGlobalSection
	GlobalSection(SolutionProperties) = preSolution
		HideSolutionNode = FALSE
	EndGlobalSection
	GlobalSection(ExtensibilityGlobals) = postSolution
		SolutionGuid = {05F6C237-C672-479B-8A2E-428105B58EDD}
	EndGlobalSection
EndGlobal
